// !$*UTF8*$!
{
	archiveVersion = 1;
	classes = {
	};
	objectVersion = 56;
	objects = {

/* Begin PBXBuildFile section */
		7E8B31B12A7E293E006F2A72 /* AppDelegate.swift in Sources */ = {isa = PBXBuildFile; fileRef = 7E8B31B02A7E293E006F2A72 /* AppDelegate.swift */; };
		7E8B31B32A7E293E006F2A72 /* SceneDelegate.swift in Sources */ = {isa = PBXBuildFile; fileRef = 7E8B31B22A7E293E006F2A72 /* SceneDelegate.swift */; };
		7E8B31B52A7E293E006F2A72 /* ViewController.swift in Sources */ = {isa = PBXBuildFile; fileRef = 7E8B31B42A7E293E006F2A72 /* ViewController.swift */; };
		7E8B31B82A7E293E006F2A72 /* Main.storyboard in Resources */ = {isa = PBXBuildFile; fileRef = 7E8B31B62A7E293E006F2A72 /* Main.storyboard */; };
		7E8B31BA2A7E2940006F2A72 /* Assets.xcassets in Resources */ = {isa = PBXBuildFile; fileRef = 7E8B31B92A7E2940006F2A72 /* Assets.xcassets */; };
		7E8B31BD2A7E2940006F2A72 /* LaunchScreen.storyboard in Resources */ = {isa = PBXBuildFile; fileRef = 7E8B31BB2A7E2940006F2A72 /* LaunchScreen.storyboard */; };
		7E8B31C82A7E2940006F2A72 /* HealthyTests.swift in Sources */ = {isa = PBXBuildFile; fileRef = 7E8B31C72A7E2940006F2A72 /* HealthyTests.swift */; };
		7E8B31D22A7E2940006F2A72 /* HealthyUITests.swift in Sources */ = {isa = PBXBuildFile; fileRef = 7E8B31D12A7E2940006F2A72 /* HealthyUITests.swift */; };
		7E8B31D42A7E2940006F2A72 /* HealthyUITestsLaunchTests.swift in Sources */ = {isa = PBXBuildFile; fileRef = 7E8B31D32A7E2940006F2A72 /* HealthyUITestsLaunchTests.swift */; };
/* End PBXBuildFile section */

/* Begin PBXContainerItemProxy section */
		7E8B31C42A7E2940006F2A72 /* PBXContainerItemProxy */ = {
			isa = PBXContainerItemProxy;
			containerPortal = 7E8B31A52A7E293E006F2A72 /* Project object */;
			proxyType = 1;
			remoteGlobalIDString = 7E8B31AC2A7E293E006F2A72;
			remoteInfo = Healthy;
		};
		7E8B31CE2A7E2940006F2A72 /* PBXContainerItemProxy */ = {
			isa = PBXContainerItemProxy;
			containerPortal = 7E8B31A52A7E293E006F2A72 /* Project object */;
			proxyType = 1;
			remoteGlobalIDString = 7E8B31AC2A7E293E006F2A72;
			remoteInfo = Healthy;
		};
/* End PBXContainerItemProxy section */

/* Begin PBXFileReference section */
		7E8B31AD2A7E293E006F2A72 /* Healthy.app */ = {isa = PBXFileReference; explicitFileType = wrapper.application; includeInIndex = 0; path = Healthy.app; sourceTree = BUILT_PRODUCTS_DIR; };
		7E8B31B02A7E293E006F2A72 /* AppDelegate.swift */ = {isa = PBXFileReference; lastKnownFileType = sourcecode.swift; path = AppDelegate.swift; sourceTree = "<group>"; };
		7E8B31B22A7E293E006F2A72 /* SceneDelegate.swift */ = {isa = PBXFileReference; lastKnownFileType = sourcecode.swift; path = SceneDelegate.swift; sourceTree = "<group>"; };
		7E8B31B42A7E293E006F2A72 /* ViewController.swift */ = {isa = PBXFileReference; lastKnownFileType = sourcecode.swift; path = ViewController.swift; sourceTree = "<group>"; };
		7E8B31B72A7E293E006F2A72 /* Base */ = {isa = PBXFileReference; lastKnownFileType = file.storyboard; name = Base; path = Base.lproj/Main.storyboard; sourceTree = "<group>"; };
		7E8B31B92A7E2940006F2A72 /* Assets.xcassets */ = {isa = PBXFileReference; lastKnownFileType = folder.assetcatalog; path = Assets.xcassets; sourceTree = "<group>"; };
		7E8B31BC2A7E2940006F2A72 /* Base */ = {isa = PBXFileReference; lastKnownFileType = file.storyboard; name = Base; path = Base.lproj/LaunchScreen.storyboard; sourceTree = "<group>"; };
		7E8B31BE2A7E2940006F2A72 /* Info.plist */ = {isa = PBXFileReference; lastKnownFileType = text.plist.xml; path = Info.plist; sourceTree = "<group>"; };
		7E8B31C32A7E2940006F2A72 /* HealthyTests.xctest */ = {isa = PBXFileReference; explicitFileType = wrapper.cfbundle; includeInIndex = 0; path = HealthyTests.xctest; sourceTree = BUILT_PRODUCTS_DIR; };
		7E8B31C72A7E2940006F2A72 /* HealthyTests.swift */ = {isa = PBXFileReference; lastKnownFileType = sourcecode.swift; path = HealthyTests.swift; sourceTree = "<group>"; };
		7E8B31CD2A7E2940006F2A72 /* HealthyUITests.xctest */ = {isa = PBXFileReference; explicitFileType = wrapper.cfbundle; includeInIndex = 0; path = HealthyUITests.xctest; sourceTree = BUILT_PRODUCTS_DIR; };
		7E8B31D12A7E2940006F2A72 /* HealthyUITests.swift */ = {isa = PBXFileReference; lastKnownFileType = sourcecode.swift; path = HealthyUITests.swift; sourceTree = "<group>"; };
		7E8B31D32A7E2940006F2A72 /* HealthyUITestsLaunchTests.swift */ = {isa = PBXFileReference; lastKnownFileType = sourcecode.swift; path = HealthyUITestsLaunchTests.swift; sourceTree = "<group>"; };
/* End PBXFileReference section */

/* Begin PBXFrameworksBuildPhase section */
		7E8B31AA2A7E293E006F2A72 /* Frameworks */ = {
			isa = PBXFrameworksBuildPhase;
			buildActionMask = 2147483647;
			files = (
			);
			runOnlyForDeploymentPostprocessing = 0;
		};
		7E8B31C02A7E2940006F2A72 /* Frameworks */ = {
			isa = PBXFrameworksBuildPhase;
			buildActionMask = 2147483647;
			files = (
			);
			runOnlyForDeploymentPostprocessing = 0;
		};
		7E8B31CA2A7E2940006F2A72 /* Frameworks */ = {
			isa = PBXFrameworksBuildPhase;
			buildActionMask = 2147483647;
			files = (
			);
			runOnlyForDeploymentPostprocessing = 0;
		};
/* End PBXFrameworksBuildPhase section */

/* Begin PBXGroup section */
		7E8B31A42A7E293E006F2A72 = {
			isa = PBXGroup;
			children = (
				7E8B31AF2A7E293E006F2A72 /* Healthy */,
				7E8B31C62A7E2940006F2A72 /* HealthyTests */,
				7E8B31D02A7E2940006F2A72 /* HealthyUITests */,
				7E8B31AE2A7E293E006F2A72 /* Products */,
			);
			sourceTree = "<group>";
		};
		7E8B31AE2A7E293E006F2A72 /* Products */ = {
			isa = PBXGroup;
			children = (
				7E8B31AD2A7E293E006F2A72 /* Healthy.app */,
				7E8B31C32A7E2940006F2A72 /* HealthyTests.xctest */,
				7E8B31CD2A7E2940006F2A72 /* HealthyUITests.xctest */,
			);
			name = Products;
			sourceTree = "<group>";
		};
		7E8B31AF2A7E293E006F2A72 /* Healthy */ = {
			isa = PBXGroup;
			children = (
				7E8B31B02A7E293E006F2A72 /* AppDelegate.swift */,
				7E8B31B22A7E293E006F2A72 /* SceneDelegate.swift */,
				7E8B31B42A7E293E006F2A72 /* ViewController.swift */,
				7E8B31B62A7E293E006F2A72 /* Main.storyboard */,
				7E8B31B92A7E2940006F2A72 /* Assets.xcassets */,
				7E8B31BB2A7E2940006F2A72 /* LaunchScreen.storyboard */,
				7E8B31BE2A7E2940006F2A72 /* Info.plist */,
			);
			path = Healthy;
			sourceTree = "<group>";
		};
		7E8B31C62A7E2940006F2A72 /* HealthyTests */ = {
			isa = PBXGroup;
			children = (
				7E8B31C72A7E2940006F2A72 /* HealthyTests.swift */,
			);
			path = HealthyTests;
			sourceTree = "<group>";
		};
		7E8B31D02A7E2940006F2A72 /* HealthyUITests */ = {
			isa = PBXGroup;
			children = (
				7E8B31D12A7E2940006F2A72 /* HealthyUITests.swift */,
				7E8B31D32A7E2940006F2A72 /* HealthyUITestsLaunchTests.swift */,
			);
			path = HealthyUITests;
			sourceTree = "<group>";
		};
/* End PBXGroup section */

/* Begin PBXNativeTarget section */
		7E8B31AC2A7E293E006F2A72 /* Healthy */ = {
			isa = PBXNativeTarget;
			buildConfigurationList = 7E8B31D72A7E2940006F2A72 /* Build configuration list for PBXNativeTarget "Healthy" */;
			buildPhases = (
				7E8B31A92A7E293E006F2A72 /* Sources */,
				7E8B31AA2A7E293E006F2A72 /* Frameworks */,
				7E8B31AB2A7E293E006F2A72 /* Resources */,
			);
			buildRules = (
			);
			dependencies = (
			);
			name = Healthy;
			productName = Healthy;
			productReference = 7E8B31AD2A7E293E006F2A72 /* Healthy.app */;
			productType = "com.apple.product-type.application";
		};
		7E8B31C22A7E2940006F2A72 /* HealthyTests */ = {
			isa = PBXNativeTarget;
			buildConfigurationList = 7E8B31DA2A7E2940006F2A72 /* Build configuration list for PBXNativeTarget "HealthyTests" */;
			buildPhases = (
				7E8B31BF2A7E2940006F2A72 /* Sources */,
				7E8B31C02A7E2940006F2A72 /* Frameworks */,
				7E8B31C12A7E2940006F2A72 /* Resources */,
			);
			buildRules = (
			);
			dependencies = (
				7E8B31C52A7E2940006F2A72 /* PBXTargetDependency */,
			);
			name = HealthyTests;
			productName = HealthyTests;
			productReference = 7E8B31C32A7E2940006F2A72 /* HealthyTests.xctest */;
			productType = "com.apple.product-type.bundle.unit-test";
		};
		7E8B31CC2A7E2940006F2A72 /* HealthyUITests */ = {
			isa = PBXNativeTarget;
			buildConfigurationList = 7E8B31DD2A7E2940006F2A72 /* Build configuration list for PBXNativeTarget "HealthyUITests" */;
			buildPhases = (
				7E8B31C92A7E2940006F2A72 /* Sources */,
				7E8B31CA2A7E2940006F2A72 /* Frameworks */,
				7E8B31CB2A7E2940006F2A72 /* Resources */,
			);
			buildRules = (
			);
			dependencies = (
				7E8B31CF2A7E2940006F2A72 /* PBXTargetDependency */,
			);
			name = HealthyUITests;
			productName = HealthyUITests;
			productReference = 7E8B31CD2A7E2940006F2A72 /* HealthyUITests.xctest */;
			productType = "com.apple.product-type.bundle.ui-testing";
		};
/* End PBXNativeTarget section */

/* Begin PBXProject section */
		7E8B31A52A7E293E006F2A72 /* Project object */ = {
			isa = PBXProject;
			attributes = {
				BuildIndependentTargetsInParallel = 1;
				LastSwiftUpdateCheck = 1430;
				LastUpgradeCheck = 1430;
				TargetAttributes = {
					7E8B31AC2A7E293E006F2A72 = {
						CreatedOnToolsVersion = 14.3.1;
					};
					7E8B31C22A7E2940006F2A72 = {
						CreatedOnToolsVersion = 14.3.1;
						TestTargetID = 7E8B31AC2A7E293E006F2A72;
					};
					7E8B31CC2A7E2940006F2A72 = {
						CreatedOnToolsVersion = 14.3.1;
						TestTargetID = 7E8B31AC2A7E293E006F2A72;
					};
				};
			};
			buildConfigurationList = 7E8B31A82A7E293E006F2A72 /* Build configuration list for PBXProject "Healthy" */;
			compatibilityVersion = "Xcode 14.0";
			developmentRegion = en;
			hasScannedForEncodings = 0;
			knownRegions = (
				en,
				Base,
			);
			mainGroup = 7E8B31A42A7E293E006F2A72;
			productRefGroup = 7E8B31AE2A7E293E006F2A72 /* Products */;
			projectDirPath = "";
			projectRoot = "";
			targets = (
				7E8B31AC2A7E293E006F2A72 /* Healthy */,
				7E8B31C22A7E2940006F2A72 /* HealthyTests */,
				7E8B31CC2A7E2940006F2A72 /* HealthyUITests */,
			);
		};
/* End PBXProject section */

/* Begin PBXResourcesBuildPhase section */
		7E8B31AB2A7E293E006F2A72 /* Resources */ = {
			isa = PBXResourcesBuildPhase;
			buildActionMask = 2147483647;
			files = (
				7E8B31BD2A7E2940006F2A72 /* LaunchScreen.storyboard in Resources */,
				7E8B31BA2A7E2940006F2A72 /* Assets.xcassets in Resources */,
				7E8B31B82A7E293E006F2A72 /* Main.storyboard in Resources */,
			);
			runOnlyForDeploymentPostprocessing = 0;
		};
		7E8B31C12A7E2940006F2A72 /* Resources */ = {
			isa = PBXResourcesBuildPhase;
			buildActionMask = 2147483647;
			files = (
			);
			runOnlyForDeploymentPostprocessing = 0;
		};
		7E8B31CB2A7E2940006F2A72 /* Resources */ = {
			isa = PBXResourcesBuildPhase;
			buildActionMask = 2147483647;
			files = (
			);
			runOnlyForDeploymentPostprocessing = 0;
		};
/* End PBXResourcesBuildPhase section */

/* Begin PBXSourcesBuildPhase section */
		7E8B31A92A7E293E006F2A72 /* Sources */ = {
			isa = PBXSourcesBuildPhase;
			buildActionMask = 2147483647;
			files = (
				7E8B31B52A7E293E006F2A72 /* ViewController.swift in Sources */,
				7E8B31B12A7E293E006F2A72 /* AppDelegate.swift in Sources */,
				7E8B31B32A7E293E006F2A72 /* SceneDelegate.swift in Sources */,
			);
			runOnlyForDeploymentPostprocessing = 0;
		};
		7E8B31BF2A7E2940006F2A72 /* Sources */ = {
			isa = PBXSourcesBuildPhase;
			buildActionMask = 2147483647;
			files = (
				7E8B31C82A7E2940006F2A72 /* HealthyTests.swift in Sources */,
			);
			runOnlyForDeploymentPostprocessing = 0;
		};
		7E8B31C92A7E2940006F2A72 /* Sources */ = {
			isa = PBXSourcesBuildPhase;
			buildActionMask = 2147483647;
			files = (
				7E8B31D42A7E2940006F2A72 /* HealthyUITestsLaunchTests.swift in Sources */,
				7E8B31D22A7E2940006F2A72 /* HealthyUITests.swift in Sources */,
			);
			runOnlyForDeploymentPostprocessing = 0;
		};
/* End PBXSourcesBuildPhase section */

/* Begin PBXTargetDependency section */
		7E8B31C52A7E2940006F2A72 /* PBXTargetDependency */ = {
			isa = PBXTargetDependency;
			target = 7E8B31AC2A7E293E006F2A72 /* Healthy */;
			targetProxy = 7E8B31C42A7E2940006F2A72 /* PBXContainerItemProxy */;
		};
		7E8B31CF2A7E2940006F2A72 /* PBXTargetDependency */ = {
			isa = PBXTargetDependency;
			target = 7E8B31AC2A7E293E006F2A72 /* Healthy */;
			targetProxy = 7E8B31CE2A7E2940006F2A72 /* PBXContainerItemProxy */;
		};
/* End PBXTargetDependency section */

/* Begin PBXVariantGroup section */
		7E8B31B62A7E293E006F2A72 /* Main.storyboard */ = {
			isa = PBXVariantGroup;
			children = (
				7E8B31B72A7E293E006F2A72 /* Base */,
			);
			name = Main.storyboard;
			sourceTree = "<group>";
		};
		7E8B31BB2A7E2940006F2A72 /* LaunchScreen.storyboard */ = {
			isa = PBXVariantGroup;
			children = (
				7E8B31BC2A7E2940006F2A72 /* Base */,
			);
			name = LaunchScreen.storyboard;
			sourceTree = "<group>";
		};
/* End PBXVariantGroup section */

/* Begin XCBuildConfiguration section */
		7E8B31D52A7E2940006F2A72 /* Debug */ = {
			isa = XCBuildConfiguration;
			buildSettings = {
				ALWAYS_SEARCH_USER_PATHS = NO;
				CLANG_ANALYZER_NONNULL = YES;
				CLANG_ANALYZER_NUMBER_OBJECT_CONVERSION = YES_AGGRESSIVE;
				CLANG_CXX_LANGUAGE_STANDARD = "gnu++20";
				CLANG_ENABLE_MODULES = YES;
				CLANG_ENABLE_OBJC_ARC = YES;
				CLANG_ENABLE_OBJC_WEAK = YES;
				CLANG_WARN_BLOCK_CAPTURE_AUTORELEASING = YES;
				CLANG_WARN_BOOL_CONVERSION = YES;
				CLANG_WARN_COMMA = YES;
				CLANG_WARN_CONSTANT_CONVERSION = YES;
				CLANG_WARN_DEPRECATED_OBJC_IMPLEMENTATIONS = YES;
				CLANG_WARN_DIRECT_OBJC_ISA_USAGE = YES_ERROR;
				CLANG_WARN_DOCUMENTATION_COMMENTS = YES;
				CLANG_WARN_EMPTY_BODY = YES;
				CLANG_WARN_ENUM_CONVERSION = YES;
				CLANG_WARN_INFINITE_RECURSION = YES;
				CLANG_WARN_INT_CONVERSION = YES;
				CLANG_WARN_NON_LITERAL_NULL_CONVERSION = YES;
				CLANG_WARN_OBJC_IMPLICIT_RETAIN_SELF = YES;
				CLANG_WARN_OBJC_LITERAL_CONVERSION = YES;
				CLANG_WARN_OBJC_ROOT_CLASS = YES_ERROR;
				CLANG_WARN_QUOTED_INCLUDE_IN_FRAMEWORK_HEADER = YES;
				CLANG_WARN_RANGE_LOOP_ANALYSIS = YES;
				CLANG_WARN_STRICT_PROTOTYPES = YES;
				CLANG_WARN_SUSPICIOUS_MOVE = YES;
				CLANG_WARN_UNGUARDED_AVAILABILITY = YES_AGGRESSIVE;
				CLANG_WARN_UNREACHABLE_CODE = YES;
				CLANG_WARN__DUPLICATE_METHOD_MATCH = YES;
				COPY_PHASE_STRIP = NO;
				DEBUG_INFORMATION_FORMAT = dwarf;
				ENABLE_STRICT_OBJC_MSGSEND = YES;
				ENABLE_TESTABILITY = YES;
				GCC_C_LANGUAGE_STANDARD = gnu11;
				GCC_DYNAMIC_NO_PIC = NO;
				GCC_NO_COMMON_BLOCKS = YES;
				GCC_OPTIMIZATION_LEVEL = 0;
				GCC_PREPROCESSOR_DEFINITIONS = (
					"DEBUG=1",
					"$(inherited)",
				);
				GCC_WARN_64_TO_32_BIT_CONVERSION = YES;
				GCC_WARN_ABOUT_RETURN_TYPE = YES_ERROR;
				GCC_WARN_UNDECLARED_SELECTOR = YES;
				GCC_WARN_UNINITIALIZED_AUTOS = YES_AGGRESSIVE;
				GCC_WARN_UNUSED_FUNCTION = YES;
				GCC_WARN_UNUSED_VARIABLE = YES;
				IPHONEOS_DEPLOYMENT_TARGET = 16.4;
				MTL_ENABLE_DEBUG_INFO = INCLUDE_SOURCE;
				MTL_FAST_MATH = YES;
				ONLY_ACTIVE_ARCH = YES;
				SDKROOT = iphoneos;
				SWIFT_ACTIVE_COMPILATION_CONDITIONS = DEBUG;
				SWIFT_OPTIMIZATION_LEVEL = "-Onone";
			};
			name = Debug;
		};
		7E8B31D62A7E2940006F2A72 /* Release */ = {
			isa = XCBuildConfiguration;
			buildSettings = {
				ALWAYS_SEARCH_USER_PATHS = NO;
				CLANG_ANALYZER_NONNULL = YES;
				CLANG_ANALYZER_NUMBER_OBJECT_CONVERSION = YES_AGGRESSIVE;
				CLANG_CXX_LANGUAGE_STANDARD = "gnu++20";
				CLANG_ENABLE_MODULES = YES;
				CLANG_ENABLE_OBJC_ARC = YES;
				CLANG_ENABLE_OBJC_WEAK = YES;
				CLANG_WARN_BLOCK_CAPTURE_AUTORELEASING = YES;
				CLANG_WARN_BOOL_CONVERSION = YES;
				CLANG_WARN_COMMA = YES;
				CLANG_WARN_CONSTANT_CONVERSION = YES;
				CLANG_WARN_DEPRECATED_OBJC_IMPLEMENTATIONS = YES;
				CLANG_WARN_DIRECT_OBJC_ISA_USAGE = YES_ERROR;
				CLANG_WARN_DOCUMENTATION_COMMENTS = YES;
				CLANG_WARN_EMPTY_BODY = YES;
				CLANG_WARN_ENUM_CONVERSION = YES;
				CLANG_WARN_INFINITE_RECURSION = YES;
				CLANG_WARN_INT_CONVERSION = YES;
				CLANG_WARN_NON_LITERAL_NULL_CONVERSION = YES;
				CLANG_WARN_OBJC_IMPLICIT_RETAIN_SELF = YES;
				CLANG_WARN_OBJC_LITERAL_CONVERSION = YES;
				CLANG_WARN_OBJC_ROOT_CLASS = YES_ERROR;
				CLANG_WARN_QUOTED_INCLUDE_IN_FRAMEWORK_HEADER = YES;
				CLANG_WARN_RANGE_LOOP_ANALYSIS = YES;
				CLANG_WARN_STRICT_PROTOTYPES = YES;
				CLANG_WARN_SUSPICIOUS_MOVE = YES;
				CLANG_WARN_UNGUARDED_AVAILABILITY = YES_AGGRESSIVE;
				CLANG_WARN_UNREACHABLE_CODE = YES;
				CLANG_WARN__DUPLICATE_METHOD_MATCH = YES;
				COPY_PHASE_STRIP = NO;
				DEBUG_INFORMATION_FORMAT = "dwarf-with-dsym";
				ENABLE_NS_ASSERTIONS = NO;
				ENABLE_STRICT_OBJC_MSGSEND = YES;
				GCC_C_LANGUAGE_STANDARD = gnu11;
				GCC_NO_COMMON_BLOCKS = YES;
				GCC_WARN_64_TO_32_BIT_CONVERSION = YES;
				GCC_WARN_ABOUT_RETURN_TYPE = YES_ERROR;
				GCC_WARN_UNDECLARED_SELECTOR = YES;
				GCC_WARN_UNINITIALIZED_AUTOS = YES_AGGRESSIVE;
				GCC_WARN_UNUSED_FUNCTION = YES;
				GCC_WARN_UNUSED_VARIABLE = YES;
				IPHONEOS_DEPLOYMENT_TARGET = 16.4;
				MTL_ENABLE_DEBUG_INFO = NO;
				MTL_FAST_MATH = YES;
				SDKROOT = iphoneos;
				SWIFT_COMPILATION_MODE = wholemodule;
				SWIFT_OPTIMIZATION_LEVEL = "-O";
				VALIDATE_PRODUCT = YES;
			};
			name = Release;
		};
		7E8B31D82A7E2940006F2A72 /* Debug */ = {
			isa = XCBuildConfiguration;
			buildSettings = {
				ASSETCATALOG_COMPILER_APPICON_NAME = AppIcon;
				ASSETCATALOG_COMPILER_GLOBAL_ACCENT_COLOR_NAME = AccentColor;
				CODE_SIGN_STYLE = Automatic;
				CURRENT_PROJECT_VERSION = 1;
				DEVELOPMENT_TEAM = 76P85BXFRK;
				GENERATE_INFOPLIST_FILE = YES;
				INFOPLIST_FILE = Healthy/Info.plist;
				INFOPLIST_KEY_UIApplicationSupportsIndirectInputEvents = YES;
				INFOPLIST_KEY_UILaunchStoryboardName = LaunchScreen;
				INFOPLIST_KEY_UIMainStoryboardFile = Main;
				INFOPLIST_KEY_UISupportedInterfaceOrientations_iPad = "UIInterfaceOrientationPortrait UIInterfaceOrientationPortraitUpsideDown UIInterfaceOrientationLandscapeLeft UIInterfaceOrientationLandscapeRight";
				INFOPLIST_KEY_UISupportedInterfaceOrientations_iPhone = "UIInterfaceOrientationPortrait UIInterfaceOrientationLandscapeLeft UIInterfaceOrientationLandscapeRight";
				LD_RUNPATH_SEARCH_PATHS = (
					"$(inherited)",
					"@executable_path/Frameworks",
				);
				MARKETING_VERSION = 1.0;
				PRODUCT_BUNDLE_IDENTIFIER = com.itsalhussein.Healthy;
				PRODUCT_NAME = "$(TARGET_NAME)";
				SWIFT_EMIT_LOC_STRINGS = YES;
				SWIFT_VERSION = 5.0;
				TARGETED_DEVICE_FAMILY = "1,2";
			};
			name = Debug;
		};
		7E8B31D92A7E2940006F2A72 /* Release */ = {
			isa = XCBuildConfiguration;
			buildSettings = {
				ASSETCATALOG_COMPILER_APPICON_NAME = AppIcon;
				ASSETCATALOG_COMPILER_GLOBAL_ACCENT_COLOR_NAME = AccentColor;
				CODE_SIGN_STYLE = Automatic;
				CURRENT_PROJECT_VERSION = 1;
				DEVELOPMENT_TEAM = 76P85BXFRK;
				GENERATE_INFOPLIST_FILE = YES;
				INFOPLIST_FILE = Healthy/Info.plist;
				INFOPLIST_KEY_UIApplicationSupportsIndirectInputEvents = YES;
				INFOPLIST_KEY_UILaunchStoryboardName = LaunchScreen;
				INFOPLIST_KEY_UIMainStoryboardFile = Main;
				INFOPLIST_KEY_UISupportedInterfaceOrientations_iPad = "UIInterfaceOrientationPortrait UIInterfaceOrientationPortraitUpsideDown UIInterfaceOrientationLandscapeLeft UIInterfaceOrientationLandscapeRight";
				INFOPLIST_KEY_UISupportedInterfaceOrientations_iPhone = "UIInterfaceOrientationPortrait UIInterfaceOrientationLandscapeLeft UIInterfaceOrientationLandscapeRight";
				LD_RUNPATH_SEARCH_PATHS = (
					"$(inherited)",
					"@executable_path/Frameworks",
				);
				MARKETING_VERSION = 1.0;
				PRODUCT_BUNDLE_IDENTIFIER = com.itsalhussein.Healthy;
				PRODUCT_NAME = "$(TARGET_NAME)";
				SWIFT_EMIT_LOC_STRINGS = YES;
				SWIFT_VERSION = 5.0;
				TARGETED_DEVICE_FAMILY = "1,2";
			};
			name = Release;
		};
		7E8B31DB2A7E2940006F2A72 /* Debug */ = {
			isa = XCBuildConfiguration;
			buildSettings = {
				ALWAYS_EMBED_SWIFT_STANDARD_LIBRARIES = YES;
				BUNDLE_LOADER = "$(TEST_HOST)";
				CODE_SIGN_STYLE = Automatic;
				CURRENT_PROJECT_VERSION = 1;
				DEVELOPMENT_TEAM = 76P85BXFRK;
				GENERATE_INFOPLIST_FILE = YES;
				IPHONEOS_DEPLOYMENT_TARGET = 16.4;
				MARKETING_VERSION = 1.0;
				PRODUCT_BUNDLE_IDENTIFIER = com.itsalhussein.HealthyTests;
				PRODUCT_NAME = "$(TARGET_NAME)";
				SWIFT_EMIT_LOC_STRINGS = NO;
				SWIFT_VERSION = 5.0;
				TARGETED_DEVICE_FAMILY = "1,2";
				TEST_HOST = "$(BUILT_PRODUCTS_DIR)/Healthy.app/$(BUNDLE_EXECUTABLE_FOLDER_PATH)/Healthy";
			};
			name = Debug;
		};
		7E8B31DC2A7E2940006F2A72 /* Release */ = {
			isa = XCBuildConfiguration;
			buildSettings = {
				ALWAYS_EMBED_SWIFT_STANDARD_LIBRARIES = YES;
				BUNDLE_LOADER = "$(TEST_HOST)";
				CODE_SIGN_STYLE = Automatic;
				CURRENT_PROJECT_VERSION = 1;
				DEVELOPMENT_TEAM = 76P85BXFRK;
				GENERATE_INFOPLIST_FILE = YES;
				IPHONEOS_DEPLOYMENT_TARGET = 16.4;
				MARKETING_VERSION = 1.0;
				PRODUCT_BUNDLE_IDENTIFIER = com.itsalhussein.HealthyTests;
				PRODUCT_NAME = "$(TARGET_NAME)";
				SWIFT_EMIT_LOC_STRINGS = NO;
				SWIFT_VERSION = 5.0;
				TARGETED_DEVICE_FAMILY = "1,2";
				TEST_HOST = "$(BUILT_PRODUCTS_DIR)/Healthy.app/$(BUNDLE_EXECUTABLE_FOLDER_PATH)/Healthy";
			};
			name = Release;
		};
		7E8B31DE2A7E2940006F2A72 /* Debug */ = {
			isa = XCBuildConfiguration;
			buildSettings = {
				ALWAYS_EMBED_SWIFT_STANDARD_LIBRARIES = YES;
				CODE_SIGN_STYLE = Automatic;
				CURRENT_PROJECT_VERSION = 1;
				DEVELOPMENT_TEAM = 76P85BXFRK;
				GENERATE_INFOPLIST_FILE = YES;
				MARKETING_VERSION = 1.0;
				PRODUCT_BUNDLE_IDENTIFIER = com.itsalhussein.HealthyUITests;
				PRODUCT_NAME = "$(TARGET_NAME)";
				SWIFT_EMIT_LOC_STRINGS = NO;
				SWIFT_VERSION = 5.0;
				TARGETED_DEVICE_FAMILY = "1,2";
				TEST_TARGET_NAME = Healthy;
			};
			name = Debug;
		};
		7E8B31DF2A7E2940006F2A72 /* Release */ = {
			isa = XCBuildConfiguration;
			buildSettings = {
				ALWAYS_EMBED_SWIFT_STANDARD_LIBRARIES = YES;
				CODE_SIGN_STYLE = Automatic;
				CURRENT_PROJECT_VERSION = 1;
				DEVELOPMENT_TEAM = 76P85BXFRK;
				GENERATE_INFOPLIST_FILE = YES;
				MARKETING_VERSION = 1.0;
				PRODUCT_BUNDLE_IDENTIFIER = com.itsalhussein.HealthyUITests;
				PRODUCT_NAME = "$(TARGET_NAME)";
				SWIFT_EMIT_LOC_STRINGS = NO;
				SWIFT_VERSION = 5.0;
				TARGETED_DEVICE_FAMILY = "1,2";
				TEST_TARGET_NAME = Healthy;
			};
			name = Release;
		};
/* End XCBuildConfiguration section */

/* Begin XCConfigurationList section */
		7E8B31A82A7E293E006F2A72 /* Build configuration list for PBXProject "Healthy" */ = {
			isa = XCConfigurationList;
			buildConfigurations = (
				7E8B31D52A7E2940006F2A72 /* Debug */,
				7E8B31D62A7E2940006F2A72 /* Release */,
			);
			defaultConfigurationIsVisible = 0;
			defaultConfigurationName = Release;
		};
		7E8B31D72A7E2940006F2A72 /* Build configuration list for PBXNativeTarget "Healthy" */ = {
			isa = XCConfigurationList;
			buildConfigurations = (
				7E8B31D82A7E2940006F2A72 /* Debug */,
				7E8B31D92A7E2940006F2A72 /* Release */,
			);
			defaultConfigurationIsVisible = 0;
			defaultConfigurationName = Release;
		};
		7E8B31DA2A7E2940006F2A72 /* Build configuration list for PBXNativeTarget "HealthyTests" */ = {
			isa = XCConfigurationList;
			buildConfigurations = (
				7E8B31DB2A7E2940006F2A72 /* Debug */,
				7E8B31DC2A7E2940006F2A72 /* Release */,
			);
			defaultConfigurationIsVisible = 0;
			defaultConfigurationName = Release;
		};
		7E8B31DD2A7E2940006F2A72 /* Build configuration list for PBXNativeTarget "HealthyUITests" */ = {
			isa = XCConfigurationList;
			buildConfigurations = (
				7E8B31DE2A7E2940006F2A72 /* Debug */,
				7E8B31DF2A7E2940006F2A72 /* Release */,
			);
			defaultConfigurationIsVisible = 0;
			defaultConfigurationName = Release;
		};
/* End XCConfigurationList section */
	};
	rootObject = 7E8B31A52A7E293E006F2A72 /* Project object */;
}
